// !$*UTF8*$!
{
	archiveVersion = 1;
	classes = {
	};
	objectVersion = 46;
	objects = {

/* Begin PBXBuildFile section */
		D5078AE01FD2C7C700732E66 /* EasyOpenGL.cpp in Sources */ = {isa = PBXBuildFile; fileRef = D5078ADE1FD2C7C700732E66 /* EasyOpenGL.cpp */; };
		D5078AE11FD2C7C700732E66 /* EasyOpenGL.cpp in Sources */ = {isa = PBXBuildFile; fileRef = D5078ADE1FD2C7C700732E66 /* EasyOpenGL.cpp */; };
		D5078AE21FD2C7C700732E66 /* EasyOpenGL.cpp in Sources */ = {isa = PBXBuildFile; fileRef = D5078ADE1FD2C7C700732E66 /* EasyOpenGL.cpp */; };
		D52DD7A11BCC066D001C997D /* CoreVideo.framework in Frameworks */ = {isa = PBXBuildFile; fileRef = D54EC04A1BA86E0E00B49841 /* CoreVideo.framework */; };
		D52DD7A21BCC0676001C997D /* IOKit.framework in Frameworks */ = {isa = PBXBuildFile; fileRef = D54EC04C1BA86E1900B49841 /* IOKit.framework */; };
		D52DD7A31BCC067D001C997D /* OpenGL.framework in Frameworks */ = {isa = PBXBuildFile; fileRef = D54EC04E1BA86E3F00B49841 /* OpenGL.framework */; };
		D52DD7A41BCC068A001C997D /* Cocoa.framework in Frameworks */ = {isa = PBXBuildFile; fileRef = D54EC0501BA86E4400B49841 /* Cocoa.framework */; };
		D52DD7A51BCC069D001C997D /* libglfw3.a in Frameworks */ = {isa = PBXBuildFile; fileRef = D54EC0521BA86E7400B49841 /* libglfw3.a */; };
		D54C3A4B1FD2EBE90026658F /* FragmentShader04.fs in CopyFiles */ = {isa = PBXBuildFile; fileRef = D54C3A491FD2EB890026658F /* FragmentShader04.fs */; };
		D54C3A4C1FD2EBE90026658F /* VertexShader04.vs in CopyFiles */ = {isa = PBXBuildFile; fileRef = D54C3A4A1FD2EB8A0026658F /* VertexShader04.vs */; };
		D54EC04B1BA86E0E00B49841 /* CoreVideo.framework in Frameworks */ = {isa = PBXBuildFile; fileRef = D54EC04A1BA86E0E00B49841 /* CoreVideo.framework */; };
		D54EC04D1BA86E1900B49841 /* IOKit.framework in Frameworks */ = {isa = PBXBuildFile; fileRef = D54EC04C1BA86E1900B49841 /* IOKit.framework */; };
		D54EC04F1BA86E3F00B49841 /* OpenGL.framework in Frameworks */ = {isa = PBXBuildFile; fileRef = D54EC04E1BA86E3F00B49841 /* OpenGL.framework */; };
		D54EC0511BA86E4400B49841 /* Cocoa.framework in Frameworks */ = {isa = PBXBuildFile; fileRef = D54EC0501BA86E4400B49841 /* Cocoa.framework */; };
		D54EC0531BA86E7400B49841 /* libglfw3.a in Frameworks */ = {isa = PBXBuildFile; fileRef = D54EC0521BA86E7400B49841 /* libglfw3.a */; };
		D54EC0681BA871C500B49841 /* EasyOpenGL02.cpp in Sources */ = {isa = PBXBuildFile; fileRef = D54EC0671BA871C500B49841 /* EasyOpenGL02.cpp */; };
		D57B0E751BBBCC51009EA2A3 /* libglfw3.a in Frameworks */ = {isa = PBXBuildFile; fileRef = D54EC0521BA86E7400B49841 /* libglfw3.a */; };
		D57B0E761BBBCC63009EA2A3 /* Cocoa.framework in Frameworks */ = {isa = PBXBuildFile; fileRef = D54EC0501BA86E4400B49841 /* Cocoa.framework */; };
		D57B0E771BBBCC6B009EA2A3 /* OpenGL.framework in Frameworks */ = {isa = PBXBuildFile; fileRef = D54EC04E1BA86E3F00B49841 /* OpenGL.framework */; };
		D57B0E781BBBCC80009EA2A3 /* IOKit.framework in Frameworks */ = {isa = PBXBuildFile; fileRef = D54EC04C1BA86E1900B49841 /* IOKit.framework */; };
		D57B0E791BBBCC8E009EA2A3 /* CoreVideo.framework in Frameworks */ = {isa = PBXBuildFile; fileRef = D54EC04A1BA86E0E00B49841 /* CoreVideo.framework */; };
		D57B0E7F1BBC3420009EA2A3 /* VertexShader02.vs in CopyFiles */ = {isa = PBXBuildFile; fileRef = D57B0E7A1BBBE7BE009EA2A3 /* VertexShader02.vs */; };
		D57B0E801BBC3420009EA2A3 /* FragmentShader02.fs in CopyFiles */ = {isa = PBXBuildFile; fileRef = D57B0E7B1BBBE8BF009EA2A3 /* FragmentShader02.fs */; };
		D5AD17C21FD41971009EEA08 /* EasyOpenGL_Shader.cpp in Sources */ = {isa = PBXBuildFile; fileRef = D5AD17C11FD41970009EEA08 /* EasyOpenGL_Shader.cpp */; };
		D5AD17C31FD41971009EEA08 /* EasyOpenGL_Shader.cpp in Sources */ = {isa = PBXBuildFile; fileRef = D5AD17C11FD41970009EEA08 /* EasyOpenGL_Shader.cpp */; };
		D5AD17C41FD41971009EEA08 /* EasyOpenGL_Shader.cpp in Sources */ = {isa = PBXBuildFile; fileRef = D5AD17C11FD41970009EEA08 /* EasyOpenGL_Shader.cpp */; };
		D5F568E71BBF62C0000B0836 /* EasyOpenGL04.cpp in Sources */ = {isa = PBXBuildFile; fileRef = D5F568E61BBF62C0000B0836 /* EasyOpenGL04.cpp */; };
		D5FEEC391BA732F70008231B /* EasyOpenGL01.cpp in Sources */ = {isa = PBXBuildFile; fileRef = D5FEEC381BA732F70008231B /* EasyOpenGL01.cpp */; };
/* End PBXBuildFile section */

/* Begin PBXCopyFilesBuildPhase section */
		D54EC0631BA871C400B49841 /* CopyFiles */ = {
			isa = PBXCopyFilesBuildPhase;
			buildActionMask = 12;
			dstPath = "";
			dstSubfolderSpec = 16;
			files = (
				D57B0E7F1BBC3420009EA2A3 /* VertexShader02.vs in CopyFiles */,
				D57B0E801BBC3420009EA2A3 /* FragmentShader02.fs in CopyFiles */,
			);
			runOnlyForDeploymentPostprocessing = 0;
		};
		D5F568E21BBF62C0000B0836 /* CopyFiles */ = {
			isa = PBXCopyFilesBuildPhase;
			buildActionMask = 12;
			dstPath = "";
			dstSubfolderSpec = 16;
			files = (
				D54C3A4B1FD2EBE90026658F /* FragmentShader04.fs in CopyFiles */,
				D54C3A4C1FD2EBE90026658F /* VertexShader04.vs in CopyFiles */,
			);
			runOnlyForDeploymentPostprocessing = 0;
		};
		D5FEEC341BA732F70008231B /* CopyFiles */ = {
			isa = PBXCopyFilesBuildPhase;
			buildActionMask = 2147483647;
			dstPath = /usr/share/man/man1/;
			dstSubfolderSpec = 0;
			files = (
			);
			runOnlyForDeploymentPostprocessing = 1;
		};
/* End PBXCopyFilesBuildPhase section */

/* Begin PBXFileReference section */
		D5078ADE1FD2C7C700732E66 /* EasyOpenGL.cpp */ = {isa = PBXFileReference; lastKnownFileType = sourcecode.cpp.cpp; name = EasyOpenGL.cpp; path = Common/EasyOpenGL.cpp; sourceTree = "<group>"; };
		D5078ADF1FD2C7C700732E66 /* EasyOpenGL.hpp */ = {isa = PBXFileReference; lastKnownFileType = sourcecode.cpp.h; name = EasyOpenGL.hpp; path = Common/EasyOpenGL.hpp; sourceTree = "<group>"; };
		D54C3A491FD2EB890026658F /* FragmentShader04.fs */ = {isa = PBXFileReference; fileEncoding = 4; lastKnownFileType = sourcecode.glsl; path = FragmentShader04.fs; sourceTree = "<group>"; };
		D54C3A4A1FD2EB8A0026658F /* VertexShader04.vs */ = {isa = PBXFileReference; fileEncoding = 4; lastKnownFileType = sourcecode.glsl; path = VertexShader04.vs; sourceTree = "<group>"; };
		D54EC04A1BA86E0E00B49841 /* CoreVideo.framework */ = {isa = PBXFileReference; lastKnownFileType = wrapper.framework; name = CoreVideo.framework; path = System/Library/Frameworks/CoreVideo.framework; sourceTree = SDKROOT; };
		D54EC04C1BA86E1900B49841 /* IOKit.framework */ = {isa = PBXFileReference; lastKnownFileType = wrapper.framework; name = IOKit.framework; path = System/Library/Frameworks/IOKit.framework; sourceTree = SDKROOT; };
		D54EC04E1BA86E3F00B49841 /* OpenGL.framework */ = {isa = PBXFileReference; lastKnownFileType = wrapper.framework; name = OpenGL.framework; path = System/Library/Frameworks/OpenGL.framework; sourceTree = SDKROOT; };
		D54EC0501BA86E4400B49841 /* Cocoa.framework */ = {isa = PBXFileReference; lastKnownFileType = wrapper.framework; name = Cocoa.framework; path = System/Library/Frameworks/Cocoa.framework; sourceTree = SDKROOT; };
		D54EC0521BA86E7400B49841 /* libglfw3.a */ = {isa = PBXFileReference; lastKnownFileType = archive.ar; name = libglfw3.a; path = libs/libglfw3.a; sourceTree = "<group>"; };
		D54EC0551BA86EEA00B49841 /* includes */ = {isa = PBXFileReference; lastKnownFileType = folder; path = includes; sourceTree = "<group>"; };
		D54EC0651BA871C400B49841 /* EasyOpenGL02 */ = {isa = PBXFileReference; explicitFileType = "compiled.mach-o.executable"; includeInIndex = 0; path = EasyOpenGL02; sourceTree = BUILT_PRODUCTS_DIR; };
		D54EC0671BA871C500B49841 /* EasyOpenGL02.cpp */ = {isa = PBXFileReference; lastKnownFileType = sourcecode.cpp.cpp; path = EasyOpenGL02.cpp; sourceTree = "<group>"; };
		D57B0E7A1BBBE7BE009EA2A3 /* VertexShader02.vs */ = {isa = PBXFileReference; fileEncoding = 4; lastKnownFileType = sourcecode.glsl; path = VertexShader02.vs; sourceTree = "<group>"; };
		D57B0E7B1BBBE8BF009EA2A3 /* FragmentShader02.fs */ = {isa = PBXFileReference; fileEncoding = 4; lastKnownFileType = sourcecode.glsl; path = FragmentShader02.fs; sourceTree = "<group>"; };
		D5AD17C11FD41970009EEA08 /* EasyOpenGL_Shader.cpp */ = {isa = PBXFileReference; fileEncoding = 4; lastKnownFileType = sourcecode.cpp.cpp; name = EasyOpenGL_Shader.cpp; path = Common/EasyOpenGL_Shader.cpp; sourceTree = "<group>"; };
		D5F568E41BBF62C0000B0836 /* EasyOpenGL04 */ = {isa = PBXFileReference; explicitFileType = "compiled.mach-o.executable"; includeInIndex = 0; path = EasyOpenGL04; sourceTree = BUILT_PRODUCTS_DIR; };
		D5F568E61BBF62C0000B0836 /* EasyOpenGL04.cpp */ = {isa = PBXFileReference; lastKnownFileType = sourcecode.cpp.cpp; path = EasyOpenGL04.cpp; sourceTree = "<group>"; };
		D5FEEC361BA732F70008231B /* EasyOpenGL01 */ = {isa = PBXFileReference; explicitFileType = "compiled.mach-o.executable"; includeInIndex = 0; path = EasyOpenGL01; sourceTree = BUILT_PRODUCTS_DIR; };
		D5FEEC381BA732F70008231B /* EasyOpenGL01.cpp */ = {isa = PBXFileReference; lastKnownFileType = sourcecode.cpp.cpp; path = EasyOpenGL01.cpp; sourceTree = "<group>"; };
/* End PBXFileReference section */

/* Begin PBXFrameworksBuildPhase section */
		D54EC0621BA871C400B49841 /* Frameworks */ = {
			isa = PBXFrameworksBuildPhase;
			buildActionMask = 2147483647;
			files = (
				D57B0E791BBBCC8E009EA2A3 /* CoreVideo.framework in Frameworks */,
				D57B0E781BBBCC80009EA2A3 /* IOKit.framework in Frameworks */,
				D57B0E771BBBCC6B009EA2A3 /* OpenGL.framework in Frameworks */,
				D57B0E761BBBCC63009EA2A3 /* Cocoa.framework in Frameworks */,
				D57B0E751BBBCC51009EA2A3 /* libglfw3.a in Frameworks */,
			);
			runOnlyForDeploymentPostprocessing = 0;
		};
		D5F568E11BBF62C0000B0836 /* Frameworks */ = {
			isa = PBXFrameworksBuildPhase;
			buildActionMask = 2147483647;
			files = (
				D52DD7A51BCC069D001C997D /* libglfw3.a in Frameworks */,
				D52DD7A41BCC068A001C997D /* Cocoa.framework in Frameworks */,
				D52DD7A31BCC067D001C997D /* OpenGL.framework in Frameworks */,
				D52DD7A21BCC0676001C997D /* IOKit.framework in Frameworks */,
				D52DD7A11BCC066D001C997D /* CoreVideo.framework in Frameworks */,
			);
			runOnlyForDeploymentPostprocessing = 0;
		};
		D5FEEC331BA732F70008231B /* Frameworks */ = {
			isa = PBXFrameworksBuildPhase;
			buildActionMask = 2147483647;
			files = (
				D54EC0531BA86E7400B49841 /* libglfw3.a in Frameworks */,
				D54EC0511BA86E4400B49841 /* Cocoa.framework in Frameworks */,
				D54EC04F1BA86E3F00B49841 /* OpenGL.framework in Frameworks */,
				D54EC04D1BA86E1900B49841 /* IOKit.framework in Frameworks */,
				D54EC04B1BA86E0E00B49841 /* CoreVideo.framework in Frameworks */,
			);
			runOnlyForDeploymentPostprocessing = 0;
		};
/* End PBXFrameworksBuildPhase section */

/* Begin PBXGroup section */
		D54CFFF51C947BA6008796A3 /* Common */ = {
			isa = PBXGroup;
			children = (
				D5078ADF1FD2C7C700732E66 /* EasyOpenGL.hpp */,
				D5078ADE1FD2C7C700732E66 /* EasyOpenGL.cpp */,
				D5AD17C11FD41970009EEA08 /* EasyOpenGL_Shader.cpp */,
			);
			name = Common;
			sourceTree = "<group>";
		};
		D54EC0491BA86DD400B49841 /* Frameworks */ = {
			isa = PBXGroup;
			children = (
				D54EC0521BA86E7400B49841 /* libglfw3.a */,
				D54EC0501BA86E4400B49841 /* Cocoa.framework */,
				D54EC04A1BA86E0E00B49841 /* CoreVideo.framework */,
				D54EC04C1BA86E1900B49841 /* IOKit.framework */,
				D54EC04E1BA86E3F00B49841 /* OpenGL.framework */,
			);
			name = Frameworks;
			sourceTree = "<group>";
		};
		D54EC0661BA871C500B49841 /* EasyOpenGL02 */ = {
			isa = PBXGroup;
			children = (
				D54EC0671BA871C500B49841 /* EasyOpenGL02.cpp */,
				D57B0E7A1BBBE7BE009EA2A3 /* VertexShader02.vs */,
				D57B0E7B1BBBE8BF009EA2A3 /* FragmentShader02.fs */,
			);
			path = EasyOpenGL02;
			sourceTree = "<group>";
		};
		D5F568E51BBF62C0000B0836 /* EasyOpenGL04 */ = {
			isa = PBXGroup;
			children = (
				D5F568E61BBF62C0000B0836 /* EasyOpenGL04.cpp */,
				D54C3A4A1FD2EB8A0026658F /* VertexShader04.vs */,
				D54C3A491FD2EB890026658F /* FragmentShader04.fs */,
			);
			path = EasyOpenGL04;
			sourceTree = "<group>";
		};
		D5FEEC1F1BA732A00008231B = {
			isa = PBXGroup;
			children = (
				D54EC0551BA86EEA00B49841 /* includes */,
				D5FEEC371BA732F70008231B /* EasyOpenGL01 */,
				D54EC0661BA871C500B49841 /* EasyOpenGL02 */,
				D5F568E51BBF62C0000B0836 /* EasyOpenGL04 */,
				D54CFFF51C947BA6008796A3 /* Common */,
				D54EC0491BA86DD400B49841 /* Frameworks */,
				D5FEEC291BA732A00008231B /* Products */,
			);
			sourceTree = "<group>";
		};
		D5FEEC291BA732A00008231B /* Products */ = {
			isa = PBXGroup;
			children = (
				D5FEEC361BA732F70008231B /* EasyOpenGL01 */,
				D54EC0651BA871C400B49841 /* EasyOpenGL02 */,
				D5F568E41BBF62C0000B0836 /* EasyOpenGL04 */,
			);
			name = Products;
			sourceTree = "<group>";
		};
		D5FEEC371BA732F70008231B /* EasyOpenGL01 */ = {
			isa = PBXGroup;
			children = (
				D5FEEC381BA732F70008231B /* EasyOpenGL01.cpp */,
			);
			path = EasyOpenGL01;
			sourceTree = "<group>";
		};
/* End PBXGroup section */

/* Begin PBXNativeTarget section */
		D54EC0641BA871C400B49841 /* EasyOpenGL02 */ = {
			isa = PBXNativeTarget;
			buildConfigurationList = D54EC0691BA871C500B49841 /* Build configuration list for PBXNativeTarget "EasyOpenGL02" */;
			buildPhases = (
				D54EC0611BA871C400B49841 /* Sources */,
				D54EC0621BA871C400B49841 /* Frameworks */,
				D54EC0631BA871C400B49841 /* CopyFiles */,
			);
			buildRules = (
			);
			dependencies = (
			);
			name = EasyOpenGL02;
			productName = EasyOpenGL02;
			productReference = D54EC0651BA871C400B49841 /* EasyOpenGL02 */;
			productType = "com.apple.product-type.tool";
		};
		D5F568E31BBF62C0000B0836 /* EasyOpenGL04 */ = {
			isa = PBXNativeTarget;
			buildConfigurationList = D5F568EA1BBF62C0000B0836 /* Build configuration list for PBXNativeTarget "EasyOpenGL04" */;
			buildPhases = (
				D5F568E01BBF62C0000B0836 /* Sources */,
				D5F568E11BBF62C0000B0836 /* Frameworks */,
				D5F568E21BBF62C0000B0836 /* CopyFiles */,
			);
			buildRules = (
			);
			dependencies = (
			);
			name = EasyOpenGL04;
			productName = EasyOpenGL03;
			productReference = D5F568E41BBF62C0000B0836 /* EasyOpenGL04 */;
			productType = "com.apple.product-type.tool";
		};
		D5FEEC351BA732F70008231B /* EasyOpenGL01 */ = {
			isa = PBXNativeTarget;
			buildConfigurationList = D5FEEC3A1BA732F70008231B /* Build configuration list for PBXNativeTarget "EasyOpenGL01" */;
			buildPhases = (
				D5FEEC321BA732F70008231B /* Sources */,
				D5FEEC331BA732F70008231B /* Frameworks */,
				D5FEEC341BA732F70008231B /* CopyFiles */,
			);
			buildRules = (
			);
			dependencies = (
			);
			name = EasyOpenGL01;
			productName = EasyOpenGL01;
			productReference = D5FEEC361BA732F70008231B /* EasyOpenGL01 */;
			productType = "com.apple.product-type.tool";
		};
/* End PBXNativeTarget section */

/* Begin PBXProject section */
		D5FEEC201BA732A00008231B /* Project object */ = {
			isa = PBXProject;
			attributes = {
				LastUpgradeCheck = 0900;
				ORGANIZATIONNAME = "Peter Young";
				TargetAttributes = {
					D54EC0641BA871C400B49841 = {
						CreatedOnToolsVersion = 7.0;
					};
					D5F568E31BBF62C0000B0836 = {
						CreatedOnToolsVersion = 7.0;
					};
					D5FEEC351BA732F70008231B = {
						CreatedOnToolsVersion = 7.0;
					};
				};
			};
			buildConfigurationList = D5FEEC231BA732A00008231B /* Build configuration list for PBXProject "EasyOpenGL" */;
			compatibilityVersion = "Xcode 3.2";
			developmentRegion = English;
			hasScannedForEncodings = 0;
			knownRegions = (
				en,
			);
			mainGroup = D5FEEC1F1BA732A00008231B;
			productRefGroup = D5FEEC291BA732A00008231B /* Products */;
			projectDirPath = "";
			projectRoot = "";
			targets = (
				D5FEEC351BA732F70008231B /* EasyOpenGL01 */,
				D54EC0641BA871C400B49841 /* EasyOpenGL02 */,
				D5F568E31BBF62C0000B0836 /* EasyOpenGL04 */,
			);
		};
/* End PBXProject section */

/* Begin PBXSourcesBuildPhase section */
		D54EC0611BA871C400B49841 /* Sources */ = {
			isa = PBXSourcesBuildPhase;
			buildActionMask = 2147483647;
			files = (
				D5AD17C31FD41971009EEA08 /* EasyOpenGL_Shader.cpp in Sources */,
				D5078AE11FD2C7C700732E66 /* EasyOpenGL.cpp in Sources */,
				D54EC0681BA871C500B49841 /* EasyOpenGL02.cpp in Sources */,
			);
			runOnlyForDeploymentPostprocessing = 0;
		};
		D5F568E01BBF62C0000B0836 /* Sources */ = {
			isa = PBXSourcesBuildPhase;
			buildActionMask = 2147483647;
			files = (
				D5AD17C41FD41971009EEA08 /* EasyOpenGL_Shader.cpp in Sources */,
				D5078AE21FD2C7C700732E66 /* EasyOpenGL.cpp in Sources */,
				D5F568E71BBF62C0000B0836 /* EasyOpenGL04.cpp in Sources */,
			);
			runOnlyForDeploymentPostprocessing = 0;
		};
		D5FEEC321BA732F70008231B /* Sources */ = {
			isa = PBXSourcesBuildPhase;
			buildActionMask = 2147483647;
			files = (
				D5AD17C21FD41971009EEA08 /* EasyOpenGL_Shader.cpp in Sources */,
				D5078AE01FD2C7C700732E66 /* EasyOpenGL.cpp in Sources */,
				D5FEEC391BA732F70008231B /* EasyOpenGL01.cpp in Sources */,
			);
			runOnlyForDeploymentPostprocessing = 0;
		};
/* End PBXSourcesBuildPhase section */

/* Begin XCBuildConfiguration section */
		D54EC06A1BA871C500B49841 /* Debug */ = {
			isa = XCBuildConfiguration;
			buildSettings = {
				ALWAYS_SEARCH_USER_PATHS = YES;
				LIBRARY_SEARCH_PATHS = (
					"$(inherited)",
					"$(PROJECT_DIR)/libs",
				);
				MACOSX_DEPLOYMENT_TARGET = 10.13;
				PRODUCT_NAME = "$(TARGET_NAME)";
			};
			name = Debug;
		};
		D54EC06B1BA871C500B49841 /* Release */ = {
			isa = XCBuildConfiguration;
			buildSettings = {
				ALWAYS_SEARCH_USER_PATHS = YES;
				LIBRARY_SEARCH_PATHS = (
					"$(inherited)",
					"$(PROJECT_DIR)/libs",
				);
				MACOSX_DEPLOYMENT_TARGET = 10.13;
				PRODUCT_NAME = "$(TARGET_NAME)";
			};
			name = Release;
		};
		D5F568E81BBF62C0000B0836 /* Debug */ = {
			isa = XCBuildConfiguration;
			buildSettings = {
				ALWAYS_SEARCH_USER_PATHS = YES;
				LIBRARY_SEARCH_PATHS = (
					"$(inherited)",
					"$(PROJECT_DIR)/libs",
				);
				MACOSX_DEPLOYMENT_TARGET = 10.13;
				PRODUCT_NAME = "$(TARGET_NAME)";
			};
			name = Debug;
		};
		D5F568E91BBF62C0000B0836 /* Release */ = {
			isa = XCBuildConfiguration;
			buildSettings = {
				ALWAYS_SEARCH_USER_PATHS = YES;
				LIBRARY_SEARCH_PATHS = (
					"$(inherited)",
					"$(PROJECT_DIR)/libs",
				);
				MACOSX_DEPLOYMENT_TARGET = 10.13;
				PRODUCT_NAME = "$(TARGET_NAME)";
			};
			name = Release;
		};
		D5FEEC2D1BA732A00008231B /* Debug */ = {
			isa = XCBuildConfiguration;
			buildSettings = {
				ALWAYS_SEARCH_USER_PATHS = YES;
				CLANG_CXX_LANGUAGE_STANDARD = "gnu++0x";
				CLANG_CXX_LIBRARY = "libc++";
				CLANG_ENABLE_MODULES = YES;
				CLANG_ENABLE_OBJC_ARC = YES;
				CLANG_WARN_BLOCK_CAPTURE_AUTORELEASING = YES;
				CLANG_WARN_BOOL_CONVERSION = YES;
				CLANG_WARN_COMMA = YES;
				CLANG_WARN_CONSTANT_CONVERSION = YES;
				CLANG_WARN_DIRECT_OBJC_ISA_USAGE = YES_ERROR;
				CLANG_WARN_EMPTY_BODY = YES;
				CLANG_WARN_ENUM_CONVERSION = YES;
				CLANG_WARN_INFINITE_RECURSION = YES;
				CLANG_WARN_INT_CONVERSION = YES;
				CLANG_WARN_NON_LITERAL_NULL_CONVERSION = YES;
				CLANG_WARN_OBJC_LITERAL_CONVERSION = YES;
				CLANG_WARN_OBJC_ROOT_CLASS = YES_ERROR;
				CLANG_WARN_RANGE_LOOP_ANALYSIS = YES;
				CLANG_WARN_STRICT_PROTOTYPES = YES;
				CLANG_WARN_SUSPICIOUS_MOVE = YES;
				CLANG_WARN_UNREACHABLE_CODE = YES;
				CLANG_WARN__DUPLICATE_METHOD_MATCH = YES;
				COPY_PHASE_STRIP = NO;
				DEBUG_INFORMATION_FORMAT = dwarf;
				ENABLE_STRICT_OBJC_MSGSEND = YES;
				ENABLE_TESTABILITY = YES;
				GCC_C_LANGUAGE_STANDARD = gnu99;
				GCC_DYNAMIC_NO_PIC = NO;
				GCC_NO_COMMON_BLOCKS = YES;
				GCC_OPTIMIZATION_LEVEL = 0;
				GCC_PREPROCESSOR_DEFINITIONS = (
					"DEBUG=1",
					"$(inherited)",
				);
				GCC_WARN_64_TO_32_BIT_CONVERSION = YES;
				GCC_WARN_ABOUT_RETURN_TYPE = YES_ERROR;
				GCC_WARN_UNDECLARED_SELECTOR = YES;
				GCC_WARN_UNINITIALIZED_AUTOS = YES_AGGRESSIVE;
				GCC_WARN_UNUSED_FUNCTION = YES;
				GCC_WARN_UNUSED_VARIABLE = YES;
				MACOSX_DEPLOYMENT_TARGET = 10.11;
				MTL_ENABLE_DEBUG_INFO = YES;
				ONLY_ACTIVE_ARCH = YES;
				SDKROOT = macosx;
				USER_HEADER_SEARCH_PATHS = "$(SRCROOT)/includes";
			};
			name = Debug;
		};
		D5FEEC2E1BA732A00008231B /* Release */ = {
			isa = XCBuildConfiguration;
			buildSettings = {
				ALWAYS_SEARCH_USER_PATHS = YES;
				CLANG_CXX_LANGUAGE_STANDARD = "gnu++0x";
				CLANG_CXX_LIBRARY = "libc++";
				CLANG_ENABLE_MODULES = YES;
				CLANG_ENABLE_OBJC_ARC = YES;
				CLANG_WARN_BLOCK_CAPTURE_AUTORELEASING = YES;
				CLANG_WARN_BOOL_CONVERSION = YES;
				CLANG_WARN_COMMA = YES;
				CLANG_WARN_CONSTANT_CONVERSION = YES;
				CLANG_WARN_DIRECT_OBJC_ISA_USAGE = YES_ERROR;
				CLANG_WARN_EMPTY_BODY = YES;
				CLANG_WARN_ENUM_CONVERSION = YES;
				CLANG_WARN_INFINITE_RECURSION = YES;
				CLANG_WARN_INT_CONVERSION = YES;
				CLANG_WARN_NON_LITERAL_NULL_CONVERSION = YES;
				CLANG_WARN_OBJC_LITERAL_CONVERSION = YES;
				CLANG_WARN_OBJC_ROOT_CLASS = YES_ERROR;
				CLANG_WARN_RANGE_LOOP_ANALYSIS = YES;
				CLANG_WARN_STRICT_PROTOTYPES = YES;
				CLANG_WARN_SUSPICIOUS_MOVE = YES;
				CLANG_WARN_UNREACHABLE_CODE = YES;
				CLANG_WARN__DUPLICATE_METHOD_MATCH = YES;
				COPY_PHASE_STRIP = NO;
				DEBUG_INFORMATION_FORMAT = "dwarf-with-dsym";
				ENABLE_NS_ASSERTIONS = NO;
				ENABLE_STRICT_OBJC_MSGSEND = YES;
				GCC_C_LANGUAGE_STANDARD = gnu99;
				GCC_NO_COMMON_BLOCKS = YES;
				GCC_WARN_64_TO_32_BIT_CONVERSION = YES;
				GCC_WARN_ABOUT_RETURN_TYPE = YES_ERROR;
				GCC_WARN_UNDECLARED_SELECTOR = YES;
				GCC_WARN_UNINITIALIZED_AUTOS = YES_AGGRESSIVE;
				GCC_WARN_UNUSED_FUNCTION = YES;
				GCC_WARN_UNUSED_VARIABLE = YES;
				MACOSX_DEPLOYMENT_TARGET = 10.11;
				MTL_ENABLE_DEBUG_INFO = NO;
				SDKROOT = macosx;
				USER_HEADER_SEARCH_PATHS = "$(SRCROOT)/includes";
			};
			name = Release;
		};
		D5FEEC3B1BA732F70008231B /* Debug */ = {
			isa = XCBuildConfiguration;
			buildSettings = {
				ALWAYS_SEARCH_USER_PATHS = YES;
				LIBRARY_SEARCH_PATHS = (
					"$(inherited)",
					"$(PROJECT_DIR)/libs",
				);
				MACOSX_DEPLOYMENT_TARGET = 10.13;
				PRODUCT_NAME = "$(TARGET_NAME)";
				USER_HEADER_SEARCH_PATHS = "$(SRCROOT)/includes";
			};
			name = Debug;
		};
		D5FEEC3C1BA732F70008231B /* Release */ = {
			isa = XCBuildConfiguration;
			buildSettings = {
				ALWAYS_SEARCH_USER_PATHS = YES;
				LIBRARY_SEARCH_PATHS = (
					"$(inherited)",
					"$(PROJECT_DIR)/libs",
				);
				MACOSX_DEPLOYMENT_TARGET = 10.13;
				PRODUCT_NAME = "$(TARGET_NAME)";
				USER_HEADER_SEARCH_PATHS = "$(SRCROOT)/includes";
			};
			name = Release;
		};
/* End XCBuildConfiguration section */

/* Begin XCConfigurationList section */
		D54EC0691BA871C500B49841 /* Build configuration list for PBXNativeTarget "EasyOpenGL02" */ = {
			isa = XCConfigurationList;
			buildConfigurations = (
				D54EC06A1BA871C500B49841 /* Debug */,
				D54EC06B1BA871C500B49841 /* Release */,
			);
			defaultConfigurationIsVisible = 0;
			defaultConfigurationName = Release;
		};
		D5F568EA1BBF62C0000B0836 /* Build configuration list for PBXNativeTarget "EasyOpenGL04" */ = {
			isa = XCConfigurationList;
			buildConfigurations = (
				D5F568E81BBF62C0000B0836 /* Debug */,
				D5F568E91BBF62C0000B0836 /* Release */,
			);
			defaultConfigurationIsVisible = 0;
			defaultConfigurationName = Release;
		};
		D5FEEC231BA732A00008231B /* Build configuration list for PBXProject "EasyOpenGL" */ = {
			isa = XCConfigurationList;
			buildConfigurations = (
				D5FEEC2D1BA732A00008231B /* Debug */,
				D5FEEC2E1BA732A00008231B /* Release */,
			);
			defaultConfigurationIsVisible = 0;
			defaultConfigurationName = Release;
		};
		D5FEEC3A1BA732F70008231B /* Build configuration list for PBXNativeTarget "EasyOpenGL01" */ = {
			isa = XCConfigurationList;
			buildConfigurations = (
				D5FEEC3B1BA732F70008231B /* Debug */,
				D5FEEC3C1BA732F70008231B /* Release */,
			);
			defaultConfigurationIsVisible = 0;
			defaultConfigurationName = Release;
		};
/* End XCConfigurationList section */
	};
	rootObject = D5FEEC201BA732A00008231B /* Project object */;
}
